
Microsoft Visual Studio Solution File, Format Version 12.00
# Visual Studio Version 17
VisualStudioVersion = 17.5.002.0
MinimumVisualStudioVersion = 10.0.40219.1
Project("{9A19103F-16F7-4668-BE54-9A1E7A4F7556}") = "DesafioInterfaces", "DesafioInterfaces.csproj", "{69C3E8C2-A700-4D90-8593-791413713AE6}"
EndProject
Global
	GlobalSection(SolutionConfigurationPlatforms) = preSolution
		Debug|Any CPU = Debug|Any CPU
		Release|Any CPU = Release|Any CPU
	EndGlobalSection
	GlobalSection(ProjectConfigurationPlatforms) = postSolution
		{69C3E8C2-A700-4D90-8593-791413713AE6}.Debug|Any CPU.ActiveCfg = Debug|Any CPU
		{69C3E8C2-A700-4D90-8593-791413713AE6}.Debug|Any CPU.Build.0 = Debug|Any CPU
		{69C3E8C2-A700-4D90-8593-791413713AE6}.Release|Any CPU.ActiveCfg = Release|Any CPU
		{69C3E8C2-A700-4D90-8593-791413713AE6}.Release|Any CPU.Build.0 = Release|Any CPU
	EndGlobalSection
	GlobalSection(SolutionProperties) = preSolution
		HideSolutionNode = FALSE
	EndGlobalSection
	GlobalSection(ExtensibilityGlobals) = postSolution
		SolutionGuid = {730F93E3-3EEA-4DD4-8EF8-86596A734E5D}
	EndGlobalSection
EndGlobal
